// !$*UTF8*$!
{
	archiveVersion = 1;
	classes = {
	};
	objectVersion = 77;
	objects = {

/* Begin PBXBuildFile section */
		FC551A022F8B48DE00EB9763 /* MarkdownUI in Frameworks */ = {isa = PBXBuildFile; productRef = FC551A012F8B48DE00EB9763 /* MarkdownUI */; };
		FC8E07782F8972A8007DBA32 /* ComposableArchitecture in Frameworks */ = {isa = PBXBuildFile; productRef = FC8E07772F8972A8007DBA32 /* ComposableArchitecture */; };
/* End PBXBuildFile section */

/* Begin PBXContainerItemProxy section */
		FC48E7072F896D4D00BDAF8F /* PBXContainerItemProxy */ = {
			isa = PBXContainerItemProxy;
			containerPortal = FC48E6F12F896D4C00BDAF8F /* Project object */;
			proxyType = 1;
			remoteGlobalIDString = FC48E6F82F896D4C00BDAF8F;
			remoteInfo = NeuroRune;
		};
		FC48E7112F896D4D00BDAF8F /* PBXContainerItemProxy */ = {
			isa = PBXContainerItemProxy;
			containerPortal = FC48E6F12F896D4C00BDAF8F /* Project object */;
			proxyType = 1;
			remoteGlobalIDString = FC48E6F82F896D4C00BDAF8F;
			remoteInfo = NeuroRune;
		};
/* End PBXContainerItemProxy section */

/* Begin PBXFileReference section */
		FC48E6F92F896D4C00BDAF8F /* NeuroRune.app */ = {isa = PBXFileReference; explicitFileType = wrapper.application; includeInIndex = 0; path = NeuroRune.app; sourceTree = BUILT_PRODUCTS_DIR; };
		FC48E7062F896D4D00BDAF8F /* NeuroRuneTests.xctest */ = {isa = PBXFileReference; explicitFileType = wrapper.cfbundle; includeInIndex = 0; path = NeuroRuneTests.xctest; sourceTree = BUILT_PRODUCTS_DIR; };
		FC48E7102F896D4D00BDAF8F /* NeuroRuneUITests.xctest */ = {isa = PBXFileReference; explicitFileType = wrapper.cfbundle; includeInIndex = 0; path = NeuroRuneUITests.xctest; sourceTree = BUILT_PRODUCTS_DIR; };
/* End PBXFileReference section */

/* Begin PBXFileSystemSynchronizedRootGroup section */
		FC48E6FB2F896D4C00BDAF8F /* NeuroRune */ = {
			isa = PBXFileSystemSynchronizedRootGroup;
			path = NeuroRune;
			sourceTree = "<group>";
		};
		FC48E7092F896D4D00BDAF8F /* NeuroRuneTests */ = {
			isa = PBXFileSystemSynchronizedRootGroup;
			path = NeuroRuneTests;
			sourceTree = "<group>";
		};
		FC48E7132F896D4D00BDAF8F /* NeuroRuneUITests */ = {
			isa = PBXFileSystemSynchronizedRootGroup;
			path = NeuroRuneUITests;
			sourceTree = "<group>";
		};
/* End PBXFileSystemSynchronizedRootGroup section */

/* Begin PBXFrameworksBuildPhase section */
		FC48E6F62F896D4C00BDAF8F /* Frameworks */ = {
			isa = PBXFrameworksBuildPhase;
			buildActionMask = 2147483647;
			files = (
				FC8E07782F8972A8007DBA32 /* ComposableArchitecture in Frameworks */,
				FC551A022F8B48DE00EB9763 /* MarkdownUI in Frameworks */,
			);
			runOnlyForDeploymentPostprocessing = 0;
		};
		FC48E7032F896D4D00BDAF8F /* Frameworks */ = {
			isa = PBXFrameworksBuildPhase;
			buildActionMask = 2147483647;
			files = (
			);
			runOnlyForDeploymentPostprocessing = 0;
		};
		FC48E70D2F896D4D00BDAF8F /* Frameworks */ = {
			isa = PBXFrameworksBuildPhase;
			buildActionMask = 2147483647;
			files = (
			);
			runOnlyForDeploymentPostprocessing = 0;
		};
/* End PBXFrameworksBuildPhase section */

/* Begin PBXGroup section */
		FC48E6F02F896D4C00BDAF8F = {
			isa = PBXGroup;
			children = (
				FC48E6FB2F896D4C00BDAF8F /* NeuroRune */,
				FC48E7092F896D4D00BDAF8F /* NeuroRuneTests */,
				FC48E7132F896D4D00BDAF8F /* NeuroRuneUITests */,
				FC48E6FA2F896D4C00BDAF8F /* Products */,
			);
			sourceTree = "<group>";
		};
		FC48E6FA2F896D4C00BDAF8F /* Products */ = {
			isa = PBXGroup;
			children = (
				FC48E6F92F896D4C00BDAF8F /* NeuroRune.app */,
				FC48E7062F896D4D00BDAF8F /* NeuroRuneTests.xctest */,
				FC48E7102F896D4D00BDAF8F /* NeuroRuneUITests.xctest */,
			);
			name = Products;
			sourceTree = "<group>";
		};
/* End PBXGroup section */

/* Begin PBXNativeTarget section */
		FC48E6F82F896D4C00BDAF8F /* NeuroRune */ = {
			isa = PBXNativeTarget;
			buildConfigurationList = FC48E71A2F896D4D00BDAF8F /* Build configuration list for PBXNativeTarget "NeuroRune" */;
			buildPhases = (
				FC48E6F52F896D4C00BDAF8F /* Sources */,
				FC48E6F62F896D4C00BDAF8F /* Frameworks */,
				FC48E6F72F896D4C00BDAF8F /* Resources */,
			);
			buildRules = (
			);
			dependencies = (
			);
			fileSystemSynchronizedGroups = (
				FC48E6FB2F896D4C00BDAF8F /* NeuroRune */,
			);
			name = NeuroRune;
			packageProductDependencies = (
				FC8E07772F8972A8007DBA32 /* ComposableArchitecture */,
				FC551A012F8B48DE00EB9763 /* MarkdownUI */,
			);
			productName = NeuroRune;
			productReference = FC48E6F92F896D4C00BDAF8F /* NeuroRune.app */;
			productType = "com.apple.product-type.application";
		};
		FC48E7052F896D4D00BDAF8F /* NeuroRuneTests */ = {
			isa = PBXNativeTarget;
			buildConfigurationList = FC48E71D2F896D4D00BDAF8F /* Build configuration list for PBXNativeTarget "NeuroRuneTests" */;
			buildPhases = (
				FC48E7022F896D4D00BDAF8F /* Sources */,
				FC48E7032F896D4D00BDAF8F /* Frameworks */,
				FC48E7042F896D4D00BDAF8F /* Resources */,
			);
			buildRules = (
			);
			dependencies = (
				FC48E7082F896D4D00BDAF8F /* PBXTargetDependency */,
			);
			fileSystemSynchronizedGroups = (
				FC48E7092F896D4D00BDAF8F /* NeuroRuneTests */,
			);
			name = NeuroRuneTests;
			packageProductDependencies = (
			);
			productName = NeuroRuneTests;
			productReference = FC48E7062F896D4D00BDAF8F /* NeuroRuneTests.xctest */;
			productType = "com.apple.product-type.bundle.unit-test";
		};
		FC48E70F2F896D4D00BDAF8F /* NeuroRuneUITests */ = {
			isa = PBXNativeTarget;
			buildConfigurationList = FC48E7202F896D4D00BDAF8F /* Build configuration list for PBXNativeTarget "NeuroRuneUITests" */;
			buildPhases = (
				FC48E70C2F896D4D00BDAF8F /* Sources */,
				FC48E70D2F896D4D00BDAF8F /* Frameworks */,
				FC48E70E2F896D4D00BDAF8F /* Resources */,
			);
			buildRules = (
			);
			dependencies = (
				FC48E7122F896D4D00BDAF8F /* PBXTargetDependency */,
			);
			fileSystemSynchronizedGroups = (
				FC48E7132F896D4D00BDAF8F /* NeuroRuneUITests */,
			);
			name = NeuroRuneUITests;
			packageProductDependencies = (
			);
			productName = NeuroRuneUITests;
			productReference = FC48E7102F896D4D00BDAF8F /* NeuroRuneUITests.xctest */;
			productType = "com.apple.product-type.bundle.ui-testing";
		};
/* End PBXNativeTarget section */

/* Begin PBXProject section */
		FC48E6F12F896D4C00BDAF8F /* Project object */ = {
			isa = PBXProject;
			attributes = {
				BuildIndependentTargetsInParallel = 1;
				LastSwiftUpdateCheck = 2630;
				LastUpgradeCheck = 2630;
				TargetAttributes = {
					FC48E6F82F896D4C00BDAF8F = {
						CreatedOnToolsVersion = 26.3;
					};
					FC48E7052F896D4D00BDAF8F = {
						CreatedOnToolsVersion = 26.3;
						TestTargetID = FC48E6F82F896D4C00BDAF8F;
					};
					FC48E70F2F896D4D00BDAF8F = {
						CreatedOnToolsVersion = 26.3;
						TestTargetID = FC48E6F82F896D4C00BDAF8F;
					};
				};
			};
			buildConfigurationList = FC48E6F42F896D4C00BDAF8F /* Build configuration list for PBXProject "NeuroRune" */;
			developmentRegion = en;
			hasScannedForEncodings = 0;
			knownRegions = (
				ko,
				en,
				"zh-Hans",
				ja,
				Base,
			);
			mainGroup = FC48E6F02F896D4C00BDAF8F;
			minimizedProjectReferenceProxies = 1;
			packageReferences = (
				FC8E07762F8972A8007DBA32 /* XCRemoteSwiftPackageReference "swift-composable-architecture" */,
				FC551A002F8B48DE00EB9763 /* XCRemoteSwiftPackageReference "swift-markdown-ui" */,
			);
			preferredProjectObjectVersion = 77;
			productRefGroup = FC48E6FA2F896D4C00BDAF8F /* Products */;
			projectDirPath = "";
			projectRoot = "";
			targets = (
				FC48E6F82F896D4C00BDAF8F /* NeuroRune */,
				FC48E7052F896D4D00BDAF8F /* NeuroRuneTests */,
				FC48E70F2F896D4D00BDAF8F /* NeuroRuneUITests */,
			);
		};
/* End PBXProject section */

/* Begin PBXResourcesBuildPhase section */
		FC48E6F72F896D4C00BDAF8F /* Resources */ = {
			isa = PBXResourcesBuildPhase;
			buildActionMask = 2147483647;
			files = (
			);
			runOnlyForDeploymentPostprocessing = 0;
		};
		FC48E7042F896D4D00BDAF8F /* Resources */ = {
			isa = PBXResourcesBuildPhase;
			buildActionMask = 2147483647;
			files = (
			);
			runOnlyForDeploymentPostprocessing = 0;
		};
		FC48E70E2F896D4D00BDAF8F /* Resources */ = {
			isa = PBXResourcesBuildPhase;
			buildActionMask = 2147483647;
			files = (
			);
			runOnlyForDeploymentPostprocessing = 0;
		};
/* End PBXResourcesBuildPhase section */

/* Begin PBXSourcesBuildPhase section */
		FC48E6F52F896D4C00BDAF8F /* Sources */ = {
			isa = PBXSourcesBuildPhase;
			buildActionMask = 2147483647;
			files = (
			);
			runOnlyForDeploymentPostprocessing = 0;
		};
		FC48E7022F896D4D00BDAF8F /* Sources */ = {
			isa = PBXSourcesBuildPhase;
			buildActionMask = 2147483647;
			files = (
			);
			runOnlyForDeploymentPostprocessing = 0;
		};
		FC48E70C2F896D4D00BDAF8F /* Sources */ = {
			isa = PBXSourcesBuildPhase;
			buildActionMask = 2147483647;
			files = (
			);
			runOnlyForDeploymentPostprocessing = 0;
		};
/* End PBXSourcesBuildPhase section */

/* Begin PBXTargetDependency section */
		FC48E7082F896D4D00BDAF8F /* PBXTargetDependency */ = {
			isa = PBXTargetDependency;
			target = FC48E6F82F896D4C00BDAF8F /* NeuroRune */;
			targetProxy = FC48E7072F896D4D00BDAF8F /* PBXContainerItemProxy */;
		};
		FC48E7122F896D4D00BDAF8F /* PBXTargetDependency */ = {
			isa = PBXTargetDependency;
			target = FC48E6F82F896D4C00BDAF8F /* NeuroRune */;
			targetProxy = FC48E7112F896D4D00BDAF8F /* PBXContainerItemProxy */;
		};
/* End PBXTargetDependency section */

/* Begin XCBuildConfiguration section */
		FC48E7182F896D4D00BDAF8F /* Debug */ = {
			isa = XCBuildConfiguration;
			buildSettings = {
				ALWAYS_SEARCH_USER_PATHS = NO;
				ASSETCATALOG_COMPILER_GENERATE_SWIFT_ASSET_SYMBOL_EXTENSIONS = YES;
				CLANG_ANALYZER_NONNULL = YES;
				CLANG_ANALYZER_NUMBER_OBJECT_CONVERSION = YES_AGGRESSIVE;
				CLANG_CXX_LANGUAGE_STANDARD = "gnu++20";
				CLANG_ENABLE_MODULES = YES;
				CLANG_ENABLE_OBJC_ARC = YES;
				CLANG_ENABLE_OBJC_WEAK = YES;
				CLANG_WARN_BLOCK_CAPTURE_AUTORELEASING = YES;
				CLANG_WARN_BOOL_CONVERSION = YES;
				CLANG_WARN_COMMA = YES;
				CLANG_WARN_CONSTANT_CONVERSION = YES;
				CLANG_WARN_DEPRECATED_OBJC_IMPLEMENTATIONS = YES;
				CLANG_WARN_DIRECT_OBJC_ISA_USAGE = YES_ERROR;
				CLANG_WARN_DOCUMENTATION_COMMENTS = YES;
				CLANG_WARN_EMPTY_BODY = YES;
				CLANG_WARN_ENUM_CONVERSION = YES;
				CLANG_WARN_INFINITE_RECURSION = YES;
				CLANG_WARN_INT_CONVERSION = YES;
				CLANG_WARN_NON_LITERAL_NULL_CONVERSION = YES;
				CLANG_WARN_OBJC_IMPLICIT_RETAIN_SELF = YES;
				CLANG_WARN_OBJC_LITERAL_CONVERSION = YES;
				CLANG_WARN_OBJC_ROOT_CLASS = YES_ERROR;
				CLANG_WARN_QUOTED_INCLUDE_IN_FRAMEWORK_HEADER = YES;
				CLANG_WARN_RANGE_LOOP_ANALYSIS = YES;
				CLANG_WARN_STRICT_PROTOTYPES = YES;
				CLANG_WARN_SUSPICIOUS_MOVE = YES;
				CLANG_WARN_UNGUARDED_AVAILABILITY = YES_AGGRESSIVE;
				CLANG_WARN_UNREACHABLE_CODE = YES;
				CLANG_WARN__DUPLICATE_METHOD_MATCH = YES;
				COPY_PHASE_STRIP = NO;
				DEBUG_INFORMATION_FORMAT = dwarf;
				DEVELOPMENT_TEAM = 58P2TR7FR9;
				ENABLE_STRICT_OBJC_MSGSEND = YES;
				ENABLE_TESTABILITY = YES;
				ENABLE_USER_SCRIPT_SANDBOXING = YES;
				GCC_C_LANGUAGE_STANDARD = gnu17;
				GCC_DYNAMIC_NO_PIC = NO;
				GCC_NO_COMMON_BLOCKS = YES;
				GCC_OPTIMIZATION_LEVEL = 0;
				GCC_PREPROCESSOR_DEFINITIONS = (
					"DEBUG=1",
					"$(inherited)",
				);
				GCC_WARN_64_TO_32_BIT_CONVERSION = YES;
				GCC_WARN_ABOUT_RETURN_TYPE = YES_ERROR;
				GCC_WARN_UNDECLARED_SELECTOR = YES;
				GCC_WARN_UNINITIALIZED_AUTOS = YES_AGGRESSIVE;
				GCC_WARN_UNUSED_FUNCTION = YES;
				GCC_WARN_UNUSED_VARIABLE = YES;
				IPHONEOS_DEPLOYMENT_TARGET = 17.0;
				LOCALIZATION_PREFERS_STRING_CATALOGS = YES;
				MTL_ENABLE_DEBUG_INFO = INCLUDE_SOURCE;
				MTL_FAST_MATH = YES;
				ONLY_ACTIVE_ARCH = YES;
				SDKROOT = iphoneos;
				SWIFT_ACTIVE_COMPILATION_CONDITIONS = "DEBUG $(inherited)";
				SWIFT_OPTIMIZATION_LEVEL = "-Onone";
			};
			name = Debug;
		};
		FC48E7192F896D4D00BDAF8F /* Release */ = {
			isa = XCBuildConfiguration;
			buildSettings = {
				ALWAYS_SEARCH_USER_PATHS = NO;
				ASSETCATALOG_COMPILER_GENERATE_SWIFT_ASSET_SYMBOL_EXTENSIONS = YES;
				CLANG_ANALYZER_NONNULL = YES;
				CLANG_ANALYZER_NUMBER_OBJECT_CONVERSION = YES_AGGRESSIVE;
				CLANG_CXX_LANGUAGE_STANDARD = "gnu++20";
				CLANG_ENABLE_MODULES = YES;
				CLANG_ENABLE_OBJC_ARC = YES;
				CLANG_ENABLE_OBJC_WEAK = YES;
				CLANG_WARN_BLOCK_CAPTURE_AUTORELEASING = YES;
				CLANG_WARN_BOOL_CONVERSION = YES;
				CLANG_WARN_COMMA = YES;
				CLANG_WARN_CONSTANT_CONVERSION = YES;
				CLANG_WARN_DEPRECATED_OBJC_IMPLEMENTATIONS = YES;
				CLANG_WARN_DIRECT_OBJC_ISA_USAGE = YES_ERROR;
				CLANG_WARN_DOCUMENTATION_COMMENTS = YES;
				CLANG_WARN_EMPTY_BODY = YES;
				CLANG_WARN_ENUM_CONVERSION = YES;
				CLANG_WARN_INFINITE_RECURSION = YES;
				CLANG_WARN_INT_CONVERSION = YES;
				CLANG_WARN_NON_LITERAL_NULL_CONVERSION = YES;
				CLANG_WARN_OBJC_IMPLICIT_RETAIN_SELF = YES;
				CLANG_WARN_OBJC_LITERAL_CONVERSION = YES;
				CLANG_WARN_OBJC_ROOT_CLASS = YES_ERROR;
				CLANG_WARN_QUOTED_INCLUDE_IN_FRAMEWORK_HEADER = YES;
				CLANG_WARN_RANGE_LOOP_ANALYSIS = YES;
				CLANG_WARN_STRICT_PROTOTYPES = YES;
				CLANG_WARN_SUSPICIOUS_MOVE = YES;
				CLANG_WARN_UNGUARDED_AVAILABILITY = YES_AGGRESSIVE;
				CLANG_WARN_UNREACHABLE_CODE = YES;
				CLANG_WARN__DUPLICATE_METHOD_MATCH = YES;
				COPY_PHASE_STRIP = NO;
				DEBUG_INFORMATION_FORMAT = "dwarf-with-dsym";
				DEVELOPMENT_TEAM = 58P2TR7FR9;
				ENABLE_NS_ASSERTIONS = NO;
				ENABLE_STRICT_OBJC_MSGSEND = YES;
				ENABLE_USER_SCRIPT_SANDBOXING = YES;
				GCC_C_LANGUAGE_STANDARD = gnu17;
				GCC_NO_COMMON_BLOCKS = YES;
				GCC_WARN_64_TO_32_BIT_CONVERSION = YES;
				GCC_WARN_ABOUT_RETURN_TYPE = YES_ERROR;
				GCC_WARN_UNDECLARED_SELECTOR = YES;
				GCC_WARN_UNINITIALIZED_AUTOS = YES_AGGRESSIVE;
				GCC_WARN_UNUSED_FUNCTION = YES;
				GCC_WARN_UNUSED_VARIABLE = YES;
				IPHONEOS_DEPLOYMENT_TARGET = 17.0;
				LOCALIZATION_PREFERS_STRING_CATALOGS = YES;
				MTL_ENABLE_DEBUG_INFO = NO;
				MTL_FAST_MATH = YES;
				SDKROOT = iphoneos;
				SWIFT_COMPILATION_MODE = wholemodule;
				VALIDATE_PRODUCT = YES;
			};
			name = Release;
		};
		FC48E71B2F896D4D00BDAF8F /* Debug */ = {
			isa = XCBuildConfiguration;
			buildSettings = {
				ASSETCATALOG_COMPILER_APPICON_NAME = AppIcon;
				ASSETCATALOG_COMPILER_GLOBAL_ACCENT_COLOR_NAME = AccentColor;
				CODE_SIGN_STYLE = Automatic;
				CURRENT_PROJECT_VERSION = 1;
				DEVELOPMENT_TEAM = 58P2TR7FR9;
				ENABLE_PREVIEWS = YES;
				GENERATE_INFOPLIST_FILE = YES;
				INFOPLIST_KEY_UIApplicationSceneManifest_Generation = YES;
				INFOPLIST_KEY_UIApplicationSupportsIndirectInputEvents = YES;
				INFOPLIST_KEY_UILaunchStoryboardName = LaunchScreen;
				INFOPLIST_KEY_UISupportedInterfaceOrientations_iPad = "UIInterfaceOrientationPortrait UIInterfaceOrientationPortraitUpsideDown UIInterfaceOrientationLandscapeLeft UIInterfaceOrientationLandscapeRight";
				INFOPLIST_KEY_UISupportedInterfaceOrientations_iPhone = "UIInterfaceOrientationPortrait UIInterfaceOrientationLandscapeLeft UIInterfaceOrientationLandscapeRight";
				LD_RUNPATH_SEARCH_PATHS = (
					"$(inherited)",
					"@executable_path/Frameworks",
				);
				MARKETING_VERSION = 1.0;
				PRODUCT_BUNDLE_IDENTIFIER = com.start.NeuroRune;
				PRODUCT_NAME = "$(TARGET_NAME)";
				STRING_CATALOG_GENERATE_SYMBOLS = YES;
				SWIFT_APPROACHABLE_CONCURRENCY = NO;
				SWIFT_DEFAULT_ACTOR_ISOLATION = MainActor;
				SWIFT_EMIT_LOC_STRINGS = YES;
				SWIFT_STRICT_CONCURRENCY = complete;
				SWIFT_UPCOMING_FEATURE_MEMBER_IMPORT_VISIBILITY = YES;
				SWIFT_VERSION = 6.0;
				TARGETED_DEVICE_FAMILY = "1,2";
			};
			name = Debug;
		};
		FC48E71C2F896D4D00BDAF8F /* Release */ = {
			isa = XCBuildConfiguration;
			buildSettings = {
				ASSETCATALOG_COMPILER_APPICON_NAME = AppIcon;
				ASSETCATALOG_COMPILER_GLOBAL_ACCENT_COLOR_NAME = AccentColor;
				CODE_SIGN_STYLE = Automatic;
				CURRENT_PROJECT_VERSION = 1;
				DEVELOPMENT_TEAM = 58P2TR7FR9;
				ENABLE_PREVIEWS = YES;
				GENERATE_INFOPLIST_FILE = YES;
				INFOPLIST_KEY_UIApplicationSceneManifest_Generation = YES;
				INFOPLIST_KEY_UIApplicationSupportsIndirectInputEvents = YES;
				INFOPLIST_KEY_UILaunchStoryboardName = LaunchScreen;
				INFOPLIST_KEY_UISupportedInterfaceOrientations_iPad = "UIInterfaceOrientationPortrait UIInterfaceOrientationPortraitUpsideDown UIInterfaceOrientationLandscapeLeft UIInterfaceOrientationLandscapeRight";
				INFOPLIST_KEY_UISupportedInterfaceOrientations_iPhone = "UIInterfaceOrientationPortrait UIInterfaceOrientationLandscapeLeft UIInterfaceOrientationLandscapeRight";
				LD_RUNPATH_SEARCH_PATHS = (
					"$(inherited)",
					"@executable_path/Frameworks",
				);
				MARKETING_VERSION = 1.0;
				PRODUCT_BUNDLE_IDENTIFIER = com.start.NeuroRune;
				PRODUCT_NAME = "$(TARGET_NAME)";
				STRING_CATALOG_GENERATE_SYMBOLS = YES;
				SWIFT_APPROACHABLE_CONCURRENCY = NO;
				SWIFT_DEFAULT_ACTOR_ISOLATION = MainActor;
				SWIFT_EMIT_LOC_STRINGS = YES;
				SWIFT_STRICT_CONCURRENCY = complete;
				SWIFT_UPCOMING_FEATURE_MEMBER_IMPORT_VISIBILITY = YES;
				SWIFT_VERSION = 6.0;
				TARGETED_DEVICE_FAMILY = "1,2";
			};
			name = Release;
		};
		FC48E71E2F896D4D00BDAF8F /* Debug */ = {
			isa = XCBuildConfiguration;
			buildSettings = {
				BUNDLE_LOADER = "$(TEST_HOST)";
				CODE_SIGN_STYLE = Automatic;
				CURRENT_PROJECT_VERSION = 1;
				DEVELOPMENT_TEAM = 58P2TR7FR9;
				GENERATE_INFOPLIST_FILE = YES;
				IPHONEOS_DEPLOYMENT_TARGET = 17.0;
				MARKETING_VERSION = 1.0;
				PRODUCT_BUNDLE_IDENTIFIER = com.start.NeuroRuneTests;
				PRODUCT_NAME = "$(TARGET_NAME)";
				STRING_CATALOG_GENERATE_SYMBOLS = NO;
				SWIFT_APPROACHABLE_CONCURRENCY = NO;
				SWIFT_DEFAULT_ACTOR_ISOLATION = MainActor;
				SWIFT_EMIT_LOC_STRINGS = NO;
				SWIFT_STRICT_CONCURRENCY = complete;
				SWIFT_UPCOMING_FEATURE_MEMBER_IMPORT_VISIBILITY = YES;
				SWIFT_VERSION = 6.0;
				TARGETED_DEVICE_FAMILY = "1,2";
				TEST_HOST = "$(BUILT_PRODUCTS_DIR)/NeuroRune.app/$(BUNDLE_EXECUTABLE_FOLDER_PATH)/NeuroRune";
			};
			name = Debug;
		};
		FC48E71F2F896D4D00BDAF8F /* Release */ = {
			isa = XCBuildConfiguration;
			buildSettings = {
				BUNDLE_LOADER = "$(TEST_HOST)";
				CODE_SIGN_STYLE = Automatic;
				CURRENT_PROJECT_VERSION = 1;
				DEVELOPMENT_TEAM = 58P2TR7FR9;
				GENERATE_INFOPLIST_FILE = YES;
				IPHONEOS_DEPLOYMENT_TARGET = 17.0;
				MARKETING_VERSION = 1.0;
				PRODUCT_BUNDLE_IDENTIFIER = com.start.NeuroRuneTests;
				PRODUCT_NAME = "$(TARGET_NAME)";
				STRING_CATALOG_GENERATE_SYMBOLS = NO;
				SWIFT_APPROACHABLE_CONCURRENCY = NO;
				SWIFT_DEFAULT_ACTOR_ISOLATION = MainActor;
				SWIFT_EMIT_LOC_STRINGS = NO;
				SWIFT_STRICT_CONCURRENCY = complete;
				SWIFT_UPCOMING_FEATURE_MEMBER_IMPORT_VISIBILITY = YES;
				SWIFT_VERSION = 6.0;
				TARGETED_DEVICE_FAMILY = "1,2";
				TEST_HOST = "$(BUILT_PRODUCTS_DIR)/NeuroRune.app/$(BUNDLE_EXECUTABLE_FOLDER_PATH)/NeuroRune";
			};
			name = Release;
		};
		FC48E7212F896D4D00BDAF8F /* Debug */ = {
			isa = XCBuildConfiguration;
			buildSettings = {
				CODE_SIGN_STYLE = Automatic;
				CURRENT_PROJECT_VERSION = 1;
				DEVELOPMENT_TEAM = 58P2TR7FR9;
				GENERATE_INFOPLIST_FILE = YES;
				MARKETING_VERSION = 1.0;
				PRODUCT_BUNDLE_IDENTIFIER = com.start.NeuroRuneUITests;
				PRODUCT_NAME = "$(TARGET_NAME)";
				STRING_CATALOG_GENERATE_SYMBOLS = NO;
				SWIFT_APPROACHABLE_CONCURRENCY = NO;
				SWIFT_DEFAULT_ACTOR_ISOLATION = MainActor;
				SWIFT_EMIT_LOC_STRINGS = NO;
				SWIFT_STRICT_CONCURRENCY = complete;
				SWIFT_UPCOMING_FEATURE_MEMBER_IMPORT_VISIBILITY = YES;
				SWIFT_VERSION = 6.0;
				TARGETED_DEVICE_FAMILY = "1,2";
				TEST_TARGET_NAME = NeuroRune;
			};
			name = Debug;
		};
		FC48E7222F896D4D00BDAF8F /* Release */ = {
			isa = XCBuildConfiguration;
			buildSettings = {
				CODE_SIGN_STYLE = Automatic;
				CURRENT_PROJECT_VERSION = 1;
				DEVELOPMENT_TEAM = 58P2TR7FR9;
				GENERATE_INFOPLIST_FILE = YES;
				MARKETING_VERSION = 1.0;
				PRODUCT_BUNDLE_IDENTIFIER = com.start.NeuroRuneUITests;
				PRODUCT_NAME = "$(TARGET_NAME)";
				STRING_CATALOG_GENERATE_SYMBOLS = NO;
				SWIFT_APPROACHABLE_CONCURRENCY = NO;
				SWIFT_DEFAULT_ACTOR_ISOLATION = MainActor;
				SWIFT_EMIT_LOC_STRINGS = NO;
				SWIFT_STRICT_CONCURRENCY = complete;
				SWIFT_UPCOMING_FEATURE_MEMBER_IMPORT_VISIBILITY = YES;
				SWIFT_VERSION = 6.0;
				TARGETED_DEVICE_FAMILY = "1,2";
				TEST_TARGET_NAME = NeuroRune;
			};
			name = Release;
		};
/* End XCBuildConfiguration section */

/* Begin XCConfigurationList section */
		FC48E6F42F896D4C00BDAF8F /* Build configuration list for PBXProject "NeuroRune" */ = {
			isa = XCConfigurationList;
			buildConfigurations = (
				FC48E7182F896D4D00BDAF8F /* Debug */,
				FC48E7192F896D4D00BDAF8F /* Release */,
			);
			defaultConfigurationIsVisible = 0;
			defaultConfigurationName = Release;
		};
		FC48E71A2F896D4D00BDAF8F /* Build configuration list for PBXNativeTarget "NeuroRune" */ = {
			isa = XCConfigurationList;
			buildConfigurations = (
				FC48E71B2F896D4D00BDAF8F /* Debug */,
				FC48E71C2F896D4D00BDAF8F /* Release */,
			);
			defaultConfigurationIsVisible = 0;
			defaultConfigurationName = Release;
		};
		FC48E71D2F896D4D00BDAF8F /* Build configuration list for PBXNativeTarget "NeuroRuneTests" */ = {
			isa = XCConfigurationList;
			buildConfigurations = (
				FC48E71E2F896D4D00BDAF8F /* Debug */,
				FC48E71F2F896D4D00BDAF8F /* Release */,
			);
			defaultConfigurationIsVisible = 0;
			defaultConfigurationName = Release;
		};
		FC48E7202F896D4D00BDAF8F /* Build configuration list for PBXNativeTarget "NeuroRuneUITests" */ = {
			isa = XCConfigurationList;
			buildConfigurations = (
				FC48E7212F896D4D00BDAF8F /* Debug */,
				FC48E7222F896D4D00BDAF8F /* Release */,
			);
			defaultConfigurationIsVisible = 0;
			defaultConfigurationName = Release;
		};
/* End XCConfigurationList section */

/* Begin XCRemoteSwiftPackageReference section */
		FC551A002F8B48DE00EB9763 /* XCRemoteSwiftPackageReference "swift-markdown-ui" */ = {
			isa = XCRemoteSwiftPackageReference;
			repositoryURL = "https://github.com/gonzalezreal/swift-markdown-ui";
			requirement = {
				kind = upToNextMajorVersion;
				minimumVersion = 2.4.1;
			};
		};
		FC8E07762F8972A8007DBA32 /* XCRemoteSwiftPackageReference "swift-composable-architecture" */ = {
			isa = XCRemoteSwiftPackageReference;
			repositoryURL = "https://github.com/pointfreeco/swift-composable-architecture";
			requirement = {
				kind = upToNextMajorVersion;
				minimumVersion = 1.25.5;
			};
		};
/* End XCRemoteSwiftPackageReference section */

/* Begin XCSwiftPackageProductDependency section */
		FC551A012F8B48DE00EB9763 /* MarkdownUI */ = {
			isa = XCSwiftPackageProductDependency;
			package = FC551A002F8B48DE00EB9763 /* XCRemoteSwiftPackageReference "swift-markdown-ui" */;
			productName = MarkdownUI;
		};
		FC8E07772F8972A8007DBA32 /* ComposableArchitecture */ = {
			isa = XCSwiftPackageProductDependency;
			package = FC8E07762F8972A8007DBA32 /* XCRemoteSwiftPackageReference "swift-composable-architecture" */;
			productName = ComposableArchitecture;
		};
/* End XCSwiftPackageProductDependency section */
	};
	rootObject = FC48E6F12F896D4C00BDAF8F /* Project object */;
}
